
Microsoft Visual Studio Solution File, Format Version 11.00
# Visual Studio 2010
Project("{FAE04EC0-301F-11D3-BF4B-00C04F79EFBC}") = "Assembly-CSharp", "Assembly-CSharp.csproj", "{EF351CA7-8E2E-A090-EBAE-492066B5CEBE}"
EndProject
Project("{FAE04EC0-301F-11D3-BF4B-00C04F79EFBC}") = "Assembly-CSharp-firstpass", "Assembly-CSharp-firstpass.csproj", "{117F73C3-CCB8-0C87-17AC-79159A2C9713}"
EndProject
Project("{FAE04EC0-301F-11D3-BF4B-00C04F79EFBC}") = "Assembly-CSharp-Editor", "Assembly-CSharp-Editor.csproj", "{45264FDC-884E-BE02-305D-6FFF086F17D4}"
EndProject
Project("{FAE04EC0-301F-11D3-BF4B-00C04F79EFBC}") = "Assembly-CSharp-Editor-firstpass", "Assembly-CSharp-Editor-firstpass.csproj", "{E447B1FD-1366-CB44-0445-9376D14B73F6}"
EndProject
Global
	GlobalSection(SolutionConfigurationPlatforms) = preSolution
		Debug|Any CPU = Debug|Any CPU
		Release|Any CPU = Release|Any CPU
	EndGlobalSection
	GlobalSection(ProjectConfigurationPlatforms) = postSolution
		{EF351CA7-8E2E-A090-EBAE-492066B5CEBE}.Debug|Any CPU.ActiveCfg = Debug|Any CPU
		{EF351CA7-8E2E-A090-EBAE-492066B5CEBE}.Debug|Any CPU.Build.0 = Debug|Any CPU
		{EF351CA7-8E2E-A090-EBAE-492066B5CEBE}.Release|Any CPU.ActiveCfg = Release|Any CPU
		{EF351CA7-8E2E-A090-EBAE-492066B5CEBE}.Release|Any CPU.Build.0 = Release|Any CPU
		{117F73C3-CCB8-0C87-17AC-79159A2C9713}.Debug|Any CPU.ActiveCfg = Debug|Any CPU
		{117F73C3-CCB8-0C87-17AC-79159A2C9713}.Debug|Any CPU.Build.0 = Debug|Any CPU
		{117F73C3-CCB8-0C87-17AC-79159A2C9713}.Release|Any CPU.ActiveCfg = Release|Any CPU
		{117F73C3-CCB8-0C87-17AC-79159A2C9713}.Release|Any CPU.Build.0 = Release|Any CPU
		{45264FDC-884E-BE02-305D-6FFF086F17D4}.Debug|Any CPU.ActiveCfg = Debug|Any CPU
		{45264FDC-884E-BE02-305D-6FFF086F17D4}.Debug|Any CPU.Build.0 = Debug|Any CPU
		{45264FDC-884E-BE02-305D-6FFF086F17D4}.Release|Any CPU.ActiveCfg = Release|Any CPU
		{45264FDC-884E-BE02-305D-6FFF086F17D4}.Release|Any CPU.Build.0 = Release|Any CPU
		{E447B1FD-1366-CB44-0445-9376D14B73F6}.Debug|Any CPU.ActiveCfg = Debug|Any CPU
		{E447B1FD-1366-CB44-0445-9376D14B73F6}.Debug|Any CPU.Build.0 = Debug|Any CPU
		{E447B1FD-1366-CB44-0445-9376D14B73F6}.Release|Any CPU.ActiveCfg = Release|Any CPU
		{E447B1FD-1366-CB44-0445-9376D14B73F6}.Release|Any CPU.Build.0 = Release|Any CPU
	EndGlobalSection
	GlobalSection(SolutionProperties) = preSolution
		HideSolutionNode = FALSE
	EndGlobalSection
	GlobalSection(MonoDevelopProperties) = preSolution
		StartupItem = Assembly-CSharp.csproj
	EndGlobalSection
EndGlobal
